// !$*UTF8*$!
{
	archiveVersion = 1;
	classes = {
	};
	objectVersion = 51;
	objects = {

/* Begin PBXBuildFile section */
		CEE0FB5826CAA9B300D2589D /* AppDelegate.swift in Sources */ = {isa = PBXBuildFile; fileRef = CEE0FB5726CAA9B300D2589D /* AppDelegate.swift */; };
		CEE0FB5A26CAA9B300D2589D /* SceneDelegate.swift in Sources */ = {isa = PBXBuildFile; fileRef = CEE0FB5926CAA9B300D2589D /* SceneDelegate.swift */; };
		CEE0FB5C26CAA9B300D2589D /* ViewController.swift in Sources */ = {isa = PBXBuildFile; fileRef = CEE0FB5B26CAA9B300D2589D /* ViewController.swift */; };
		CEE0FB5F26CAA9B300D2589D /* Main.storyboard in Resources */ = {isa = PBXBuildFile; fileRef = CEE0FB5D26CAA9B300D2589D /* Main.storyboard */; };
		CEE0FB6126CAA9B700D2589D /* Assets.xcassets in Resources */ = {isa = PBXBuildFile; fileRef = CEE0FB6026CAA9B700D2589D /* Assets.xcassets */; };
		CEE0FB6426CAA9B700D2589D /* LaunchScreen.storyboard in Resources */ = {isa = PBXBuildFile; fileRef = CEE0FB6226CAA9B700D2589D /* LaunchScreen.storyboard */; };
		CEE0FB6C26CAB15E00D2589D /* GoogleService-Info.plist in Resources */ = {isa = PBXBuildFile; fileRef = CEE0FB6B26CAB15E00D2589D /* GoogleService-Info.plist */; };
		FE53D3BFE2162DA0A6C4025B /* Pods_DontWasteApp.framework in Frameworks */ = {isa = PBXBuildFile; fileRef = D8BBC19E4AD4AC231C1E4195 /* Pods_DontWasteApp.framework */; };
/* End PBXBuildFile section */

/* Begin PBXFileReference section */
		014517284DF528D5D03E962D /* Pods-DontWasteApp.release.xcconfig */ = {isa = PBXFileReference; includeInIndex = 1; lastKnownFileType = text.xcconfig; name = "Pods-DontWasteApp.release.xcconfig"; path = "Target Support Files/Pods-DontWasteApp/Pods-DontWasteApp.release.xcconfig"; sourceTree = "<group>"; };
		213B940C0F80182216A8D08B /* Pods-DontWasteApp.debug.xcconfig */ = {isa = PBXFileReference; includeInIndex = 1; lastKnownFileType = text.xcconfig; name = "Pods-DontWasteApp.debug.xcconfig"; path = "Target Support Files/Pods-DontWasteApp/Pods-DontWasteApp.debug.xcconfig"; sourceTree = "<group>"; };
		CEE0FB5426CAA9B300D2589D /* DontWasteApp.app */ = {isa = PBXFileReference; explicitFileType = wrapper.application; includeInIndex = 0; path = DontWasteApp.app; sourceTree = BUILT_PRODUCTS_DIR; };
		CEE0FB5726CAA9B300D2589D /* AppDelegate.swift */ = {isa = PBXFileReference; lastKnownFileType = sourcecode.swift; path = AppDelegate.swift; sourceTree = "<group>"; };
		CEE0FB5926CAA9B300D2589D /* SceneDelegate.swift */ = {isa = PBXFileReference; lastKnownFileType = sourcecode.swift; path = SceneDelegate.swift; sourceTree = "<group>"; };
		CEE0FB5B26CAA9B300D2589D /* ViewController.swift */ = {isa = PBXFileReference; lastKnownFileType = sourcecode.swift; path = ViewController.swift; sourceTree = "<group>"; };
		CEE0FB5E26CAA9B300D2589D /* Base */ = {isa = PBXFileReference; lastKnownFileType = file.storyboard; name = Base; path = Base.lproj/Main.storyboard; sourceTree = "<group>"; };
		CEE0FB6026CAA9B700D2589D /* Assets.xcassets */ = {isa = PBXFileReference; lastKnownFileType = folder.assetcatalog; path = Assets.xcassets; sourceTree = "<group>"; };
		CEE0FB6326CAA9B700D2589D /* Base */ = {isa = PBXFileReference; lastKnownFileType = file.storyboard; name = Base; path = Base.lproj/LaunchScreen.storyboard; sourceTree = "<group>"; };
		CEE0FB6526CAA9B700D2589D /* Info.plist */ = {isa = PBXFileReference; lastKnownFileType = text.plist.xml; path = Info.plist; sourceTree = "<group>"; };
		CEE0FB6B26CAB15E00D2589D /* GoogleService-Info.plist */ = {isa = PBXFileReference; fileEncoding = 4; lastKnownFileType = text.plist.xml; path = "GoogleService-Info.plist"; sourceTree = "<group>"; };
		D8BBC19E4AD4AC231C1E4195 /* Pods_DontWasteApp.framework */ = {isa = PBXFileReference; explicitFileType = wrapper.framework; includeInIndex = 0; path = Pods_DontWasteApp.framework; sourceTree = BUILT_PRODUCTS_DIR; };
/* End PBXFileReference section */

/* Begin PBXFrameworksBuildPhase section */
		CEE0FB5126CAA9B300D2589D /* Frameworks */ = {
			isa = PBXFrameworksBuildPhase;
			buildActionMask = 2147483647;
			files = (
				FE53D3BFE2162DA0A6C4025B /* Pods_DontWasteApp.framework in Frameworks */,
			);
			runOnlyForDeploymentPostprocessing = 0;
		};
/* End PBXFrameworksBuildPhase section */

/* Begin PBXGroup section */
		CEE0FB4B26CAA9B300D2589D = {
			isa = PBXGroup;
			children = (
				CEE0FB5626CAA9B300D2589D /* DontWasteApp */,
				CEE0FB5526CAA9B300D2589D /* Products */,
				E263195699BA34EA409D76D4 /* Pods */,
				DC457283D74D075A5D35DD1C /* Frameworks */,
			);
			sourceTree = "<group>";
		};
		CEE0FB5526CAA9B300D2589D /* Products */ = {
			isa = PBXGroup;
			children = (
				CEE0FB5426CAA9B300D2589D /* DontWasteApp.app */,
			);
			name = Products;
			sourceTree = "<group>";
		};
		CEE0FB5626CAA9B300D2589D /* DontWasteApp */ = {
			isa = PBXGroup;
			children = (
				CEE0FB6B26CAB15E00D2589D /* GoogleService-Info.plist */,
				CEE0FB5726CAA9B300D2589D /* AppDelegate.swift */,
				CEE0FB5926CAA9B300D2589D /* SceneDelegate.swift */,
				CEE0FB5B26CAA9B300D2589D /* ViewController.swift */,
				CEE0FB5D26CAA9B300D2589D /* Main.storyboard */,
				CEE0FB6026CAA9B700D2589D /* Assets.xcassets */,
				CEE0FB6226CAA9B700D2589D /* LaunchScreen.storyboard */,
				CEE0FB6526CAA9B700D2589D /* Info.plist */,
			);
			path = DontWasteApp;
			sourceTree = "<group>";
		};
		DC457283D74D075A5D35DD1C /* Frameworks */ = {
			isa = PBXGroup;
			children = (
				D8BBC19E4AD4AC231C1E4195 /* Pods_DontWasteApp.framework */,
			);
			name = Frameworks;
			sourceTree = "<group>";
		};
		E263195699BA34EA409D76D4 /* Pods */ = {
			isa = PBXGroup;
			children = (
				213B940C0F80182216A8D08B /* Pods-DontWasteApp.debug.xcconfig */,
				014517284DF528D5D03E962D /* Pods-DontWasteApp.release.xcconfig */,
			);
			path = Pods;
			sourceTree = "<group>";
		};
/* End PBXGroup section */

/* Begin PBXNativeTarget section */
		CEE0FB5326CAA9B300D2589D /* DontWasteApp */ = {
			isa = PBXNativeTarget;
			buildConfigurationList = CEE0FB6826CAA9B700D2589D /* Build configuration list for PBXNativeTarget "DontWasteApp" */;
			buildPhases = (
				4C7CA39D7179EDE04C2697D1 /* [CP] Check Pods Manifest.lock */,
				CEE0FB5026CAA9B300D2589D /* Sources */,
				CEE0FB5126CAA9B300D2589D /* Frameworks */,
				CEE0FB5226CAA9B300D2589D /* Resources */,
				F5EAF90E6EC37E74F2E68003 /* [CP] Embed Pods Frameworks */,
			);
			buildRules = (
			);
			dependencies = (
			);
			name = DontWasteApp;
			productName = DontWasteApp;
			productReference = CEE0FB5426CAA9B300D2589D /* DontWasteApp.app */;
			productType = "com.apple.product-type.application";
		};
/* End PBXNativeTarget section */

/* Begin PBXProject section */
		CEE0FB4C26CAA9B300D2589D /* Project object */ = {
			isa = PBXProject;
			attributes = {
				LastSwiftUpdateCheck = 1250;
				LastUpgradeCheck = 1250;
				TargetAttributes = {
					CEE0FB5326CAA9B300D2589D = {
						CreatedOnToolsVersion = 12.5;
					};
				};
			};
			buildConfigurationList = CEE0FB4F26CAA9B300D2589D /* Build configuration list for PBXProject "DontWasteApp" */;
			compatibilityVersion = "Xcode 9.3";
			developmentRegion = en;
			hasScannedForEncodings = 0;
			knownRegions = (
				en,
				Base,
			);
			mainGroup = CEE0FB4B26CAA9B300D2589D;
			productRefGroup = CEE0FB5526CAA9B300D2589D /* Products */;
			projectDirPath = "";
			projectRoot = "";
			targets = (
				CEE0FB5326CAA9B300D2589D /* DontWasteApp */,
			);
		};
/* End PBXProject section */

/* Begin PBXResourcesBuildPhase section */
		CEE0FB5226CAA9B300D2589D /* Resources */ = {
			isa = PBXResourcesBuildPhase;
			buildActionMask = 2147483647;
			files = (
				CEE0FB6426CAA9B700D2589D /* LaunchScreen.storyboard in Resources */,
				CEE0FB6C26CAB15E00D2589D /* GoogleService-Info.plist in Resources */,
				CEE0FB6126CAA9B700D2589D /* Assets.xcassets in Resources */,
				CEE0FB5F26CAA9B300D2589D /* Main.storyboard in Resources */,
			);
			runOnlyForDeploymentPostprocessing = 0;
		};
/* End PBXResourcesBuildPhase section */

/* Begin PBXShellScriptBuildPhase section */
		4C7CA39D7179EDE04C2697D1 /* [CP] Check Pods Manifest.lock */ = {
			isa = PBXShellScriptBuildPhase;
			buildActionMask = 2147483647;
			files = (
			);
			inputFileListPaths = (
			);
			inputPaths = (
				"${PODS_PODFILE_DIR_PATH}/Podfile.lock",
				"${PODS_ROOT}/Manifest.lock",
			);
			name = "[CP] Check Pods Manifest.lock";
			outputFileListPaths = (
			);
			outputPaths = (
				"$(DERIVED_FILE_DIR)/Pods-DontWasteApp-checkManifestLockResult.txt",
			);
			runOnlyForDeploymentPostprocessing = 0;
			shellPath = /bin/sh;
			shellScript = "diff \"${PODS_PODFILE_DIR_PATH}/Podfile.lock\" \"${PODS_ROOT}/Manifest.lock\" > /dev/null\nif [ $? != 0 ] ; then\n    # print error to STDERR\n    echo \"error: The sandbox is not in sync with the Podfile.lock. Run 'pod install' or update your CocoaPods installation.\" >&2\n    exit 1\nfi\n# This output is used by Xcode 'outputs' to avoid re-running this script phase.\necho \"SUCCESS\" > \"${SCRIPT_OUTPUT_FILE_0}\"\n";
			showEnvVarsInLog = 0;
		};
		F5EAF90E6EC37E74F2E68003 /* [CP] Embed Pods Frameworks */ = {
			isa = PBXShellScriptBuildPhase;
			buildActionMask = 2147483647;
			files = (
			);
			inputFileListPaths = (
				"${PODS_ROOT}/Target Support Files/Pods-DontWasteApp/Pods-DontWasteApp-frameworks-${CONFIGURATION}-input-files.xcfilelist",
			);
			name = "[CP] Embed Pods Frameworks";
			outputFileListPaths = (
				"${PODS_ROOT}/Target Support Files/Pods-DontWasteApp/Pods-DontWasteApp-frameworks-${CONFIGURATION}-output-files.xcfilelist",
			);
			runOnlyForDeploymentPostprocessing = 0;
			shellPath = /bin/sh;
			shellScript = "\"${PODS_ROOT}/Target Support Files/Pods-DontWasteApp/Pods-DontWasteApp-frameworks.sh\"\n";
			showEnvVarsInLog = 0;
		};
/* End PBXShellScriptBuildPhase section */

/* Begin PBXSourcesBuildPhase section */
		CEE0FB5026CAA9B300D2589D /* Sources */ = {
			isa = PBXSourcesBuildPhase;
			buildActionMask = 2147483647;
			files = (
				CEE0FB5C26CAA9B300D2589D /* ViewController.swift in Sources */,
				CEE0FB5826CAA9B300D2589D /* AppDelegate.swift in Sources */,
				CEE0FB5A26CAA9B300D2589D /* SceneDelegate.swift in Sources */,
			);
			runOnlyForDeploymentPostprocessing = 0;
		};
/* End PBXSourcesBuildPhase section */

/* Begin PBXVariantGroup section */
		CEE0FB5D26CAA9B300D2589D /* Main.storyboard */ = {
			isa = PBXVariantGroup;
			children = (
				CEE0FB5E26CAA9B300D2589D /* Base */,
			);
			name = Main.storyboard;
			sourceTree = "<group>";
		};
		CEE0FB6226CAA9B700D2589D /* LaunchScreen.storyboard */ = {
			isa = PBXVariantGroup;
			children = (
				CEE0FB6326CAA9B700D2589D /* Base */,
			);
			name = LaunchScreen.storyboard;
			sourceTree = "<group>";
		};
/* End PBXVariantGroup section */

/* Begin XCBuildConfiguration section */
		CEE0FB6626CAA9B700D2589D /* Debug */ = {
			isa = XCBuildConfiguration;
			buildSettings = {
				ALWAYS_SEARCH_USER_PATHS = NO;
				CLANG_ANALYZER_NONNULL = YES;
				CLANG_ANALYZER_NUMBER_OBJECT_CONVERSION = YES_AGGRESSIVE;
				CLANG_CXX_LANGUAGE_STANDARD = "gnu++14";
				CLANG_CXX_LIBRARY = "libc++";
				CLANG_ENABLE_MODULES = YES;
				CLANG_ENABLE_OBJC_ARC = YES;
				CLANG_ENABLE_OBJC_WEAK = YES;
				CLANG_WARN_BLOCK_CAPTURE_AUTORELEASING = YES;
				CLANG_WARN_BOOL_CONVERSION = YES;
				CLANG_WARN_COMMA = YES;
				CLANG_WARN_CONSTANT_CONVERSION = YES;
				CLANG_WARN_DEPRECATED_OBJC_IMPLEMENTATIONS = YES;
				CLANG_WARN_DIRECT_OBJC_ISA_USAGE = YES_ERROR;
				CLANG_WARN_DOCUMENTATION_COMMENTS = YES;
				CLANG_WARN_EMPTY_BODY = YES;
				CLANG_WARN_ENUM_CONVERSION = YES;
				CLANG_WARN_INFINITE_RECURSION = YES;
				CLANG_WARN_INT_CONVERSION = YES;
				CLANG_WARN_NON_LITERAL_NULL_CONVERSION = YES;
				CLANG_WARN_OBJC_IMPLICIT_RETAIN_SELF = YES;
				CLANG_WARN_OBJC_LITERAL_CONVERSION = YES;
				CLANG_WARN_OBJC_ROOT_CLASS = YES_ERROR;
				CLANG_WARN_QUOTED_INCLUDE_IN_FRAMEWORK_HEADER = YES;
				CLANG_WARN_RANGE_LOOP_ANALYSIS = YES;
				CLANG_WARN_STRICT_PROTOTYPES = YES;
				CLANG_WARN_SUSPICIOUS_MOVE = YES;
				CLANG_WARN_UNGUARDED_AVAILABILITY = YES_AGGRESSIVE;
				CLANG_WARN_UNREACHABLE_CODE = YES;
				CLANG_WARN__DUPLICATE_METHOD_MATCH = YES;
				COPY_PHASE_STRIP = NO;
				DEBUG_INFORMATION_FORMAT = dwarf;
				ENABLE_STRICT_OBJC_MSGSEND = YES;
				ENABLE_TESTABILITY = YES;
				GCC_C_LANGUAGE_STANDARD = gnu11;
				GCC_DYNAMIC_NO_PIC = NO;
				GCC_NO_COMMON_BLOCKS = YES;
				GCC_OPTIMIZATION_LEVEL = 0;
				GCC_PREPROCESSOR_DEFINITIONS = (
					"DEBUG=1",
					"$(inherited)",
				);
				GCC_WARN_64_TO_32_BIT_CONVERSION = YES;
				GCC_WARN_ABOUT_RETURN_TYPE = YES_ERROR;
				GCC_WARN_UNDECLARED_SELECTOR = YES;
				GCC_WARN_UNINITIALIZED_AUTOS = YES_AGGRESSIVE;
				GCC_WARN_UNUSED_FUNCTION = YES;
				GCC_WARN_UNUSED_VARIABLE = YES;
				IPHONEOS_DEPLOYMENT_TARGET = 14.5;
				MTL_ENABLE_DEBUG_INFO = INCLUDE_SOURCE;
				MTL_FAST_MATH = YES;
				ONLY_ACTIVE_ARCH = YES;
				SDKROOT = iphoneos;
				SWIFT_ACTIVE_COMPILATION_CONDITIONS = DEBUG;
				SWIFT_OPTIMIZATION_LEVEL = "-Onone";
			};
			name = Debug;
		};
		CEE0FB6726CAA9B700D2589D /* Release */ = {
			isa = XCBuildConfiguration;
			buildSettings = {
				ALWAYS_SEARCH_USER_PATHS = NO;
				CLANG_ANALYZER_NONNULL = YES;
				CLANG_ANALYZER_NUMBER_OBJECT_CONVERSION = YES_AGGRESSIVE;
				CLANG_CXX_LANGUAGE_STANDARD = "gnu++14";
				CLANG_CXX_LIBRARY = "libc++";
				CLANG_ENABLE_MODULES = YES;
				CLANG_ENABLE_OBJC_ARC = YES;
				CLANG_ENABLE_OBJC_WEAK = YES;
				CLANG_WARN_BLOCK_CAPTURE_AUTORELEASING = YES;
				CLANG_WARN_BOOL_CONVERSION = YES;
				CLANG_WARN_COMMA = YES;
				CLANG_WARN_CONSTANT_CONVERSION = YES;
				CLANG_WARN_DEPRECATED_OBJC_IMPLEMENTATIONS = YES;
				CLANG_WARN_DIRECT_OBJC_ISA_USAGE = YES_ERROR;
				CLANG_WARN_DOCUMENTATION_COMMENTS = YES;
				CLANG_WARN_EMPTY_BODY = YES;
				CLANG_WARN_ENUM_CONVERSION = YES;
				CLANG_WARN_INFINITE_RECURSION = YES;
				CLANG_WARN_INT_CONVERSION = YES;
				CLANG_WARN_NON_LITERAL_NULL_CONVERSION = YES;
				CLANG_WARN_OBJC_IMPLICIT_RETAIN_SELF = YES;
				CLANG_WARN_OBJC_LITERAL_CONVERSION = YES;
				CLANG_WARN_OBJC_ROOT_CLASS = YES_ERROR;
				CLANG_WARN_QUOTED_INCLUDE_IN_FRAMEWORK_HEADER = YES;
				CLANG_WARN_RANGE_LOOP_ANALYSIS = YES;
				CLANG_WARN_STRICT_PROTOTYPES = YES;
				CLANG_WARN_SUSPICIOUS_MOVE = YES;
				CLANG_WARN_UNGUARDED_AVAILABILITY = YES_AGGRESSIVE;
				CLANG_WARN_UNREACHABLE_CODE = YES;
				CLANG_WARN__DUPLICATE_METHOD_MATCH = YES;
				COPY_PHASE_STRIP = NO;
				DEBUG_INFORMATION_FORMAT = "dwarf-with-dsym";
				ENABLE_NS_ASSERTIONS = NO;
				ENABLE_STRICT_OBJC_MSGSEND = YES;
				GCC_C_LANGUAGE_STANDARD = gnu11;
				GCC_NO_COMMON_BLOCKS = YES;
				GCC_WARN_64_TO_32_BIT_CONVERSION = YES;
				GCC_WARN_ABOUT_RETURN_TYPE = YES_ERROR;
				GCC_WARN_UNDECLARED_SELECTOR = YES;
				GCC_WARN_UNINITIALIZED_AUTOS = YES_AGGRESSIVE;
				GCC_WARN_UNUSED_FUNCTION = YES;
				GCC_WARN_UNUSED_VARIABLE = YES;
				IPHONEOS_DEPLOYMENT_TARGET = 14.5;
				MTL_ENABLE_DEBUG_INFO = NO;
				MTL_FAST_MATH = YES;
				SDKROOT = iphoneos;
				SWIFT_COMPILATION_MODE = wholemodule;
				SWIFT_OPTIMIZATION_LEVEL = "-O";
				VALIDATE_PRODUCT = YES;
			};
			name = Release;
		};
		CEE0FB6926CAA9B700D2589D /* Debug */ = {
			isa = XCBuildConfiguration;
			baseConfigurationReference = 213B940C0F80182216A8D08B /* Pods-DontWasteApp.debug.xcconfig */;
			buildSettings = {
				ASSETCATALOG_COMPILER_APPICON_NAME = AppIcon;
				ASSETCATALOG_COMPILER_GLOBAL_ACCENT_COLOR_NAME = AccentColor;
				CODE_SIGN_STYLE = Automatic;
				DEVELOPMENT_TEAM = 3XZ4BSYF8M;
				INFOPLIST_FILE = DontWasteApp/Info.plist;
				LD_RUNPATH_SEARCH_PATHS = (
					"$(inherited)",
					"@executable_path/Frameworks",
				);
				PRODUCT_BUNDLE_IDENTIFIER = D.U.DontWasteApp;
				PRODUCT_NAME = "$(TARGET_NAME)";
				SWIFT_VERSION = 5.0;
				TARGETED_DEVICE_FAMILY = "1,2";
			};
			name = Debug;
		};
		CEE0FB6A26CAA9B700D2589D /* Release */ = {
			isa = XCBuildConfiguration;
			baseConfigurationReference = 014517284DF528D5D03E962D /* Pods-DontWasteApp.release.xcconfig */;
			buildSettings = {
				ASSETCATALOG_COMPILER_APPICON_NAME = AppIcon;
				ASSETCATALOG_COMPILER_GLOBAL_ACCENT_COLOR_NAME = AccentColor;
				CODE_SIGN_STYLE = Automatic;
				DEVELOPMENT_TEAM = 3XZ4BSYF8M;
				INFOPLIST_FILE = DontWasteApp/Info.plist;
				LD_RUNPATH_SEARCH_PATHS = (
					"$(inherited)",
					"@executable_path/Frameworks",
				);
				PRODUCT_BUNDLE_IDENTIFIER = D.U.DontWasteApp;
				PRODUCT_NAME = "$(TARGET_NAME)";
				SWIFT_VERSION = 5.0;
				TARGETED_DEVICE_FAMILY = "1,2";
			};
			name = Release;
		};
/* End XCBuildConfiguration section */

/* Begin XCConfigurationList section */
		CEE0FB4F26CAA9B300D2589D /* Build configuration list for PBXProject "DontWasteApp" */ = {
			isa = XCConfigurationList;
			buildConfigurations = (
				CEE0FB6626CAA9B700D2589D /* Debug */,
				CEE0FB6726CAA9B700D2589D /* Release */,
			);
			defaultConfigurationIsVisible = 0;
			defaultConfigurationName = Release;
		};
		CEE0FB6826CAA9B700D2589D /* Build configuration list for PBXNativeTarget "DontWasteApp" */ = {
			isa = XCConfigurationList;
			buildConfigurations = (
				CEE0FB6926CAA9B700D2589D /* Debug */,
				CEE0FB6A26CAA9B700D2589D /* Release */,
			);
			defaultConfigurationIsVisible = 0;
			defaultConfigurationName = Release;
		};
/* End XCConfigurationList section */
	};
	rootObject = CEE0FB4C26CAA9B300D2589D /* Project object */;
}
